Microsoft Visual Studio Solution File, Format Version 11.00
# Visual Studio 2008

Project("{20A92461-D3B8-7F38-DB80-FA7963481378}") = "Chromagravity", "Assembly-CSharp.csproj", "{B88379E8-6F43-E2F4-8690-5F0747687355}"
EndProject
Global
	GlobalSection(SolutionConfigurationPlatforms) = preSolution
		Debug|Any CPU = Debug|Any CPU
		Release|Any CPU = Release|Any CPU
	EndGlobalSection
	GlobalSection(ProjectConfigurationPlatforms) = postSolution
		{B88379E8-6F43-E2F4-8690-5F0747687355}.Debug|Any CPU.ActiveCfg = Debug|Any CPU
		{B88379E8-6F43-E2F4-8690-5F0747687355}.Debug|Any CPU.Build.0 = Debug|Any CPU
		{B88379E8-6F43-E2F4-8690-5F0747687355}.Release|Any CPU.ActiveCfg = Release|Any CPU
		{B88379E8-6F43-E2F4-8690-5F0747687355}.Release|Any CPU.Build.0 = Release|Any CPU
	EndGlobalSection
	GlobalSection(SolutionProperties) = preSolution
		HideSolutionNode = FALSE
	EndGlobalSection
	GlobalSection(MonoDevelopProperties) = preSolution
		StartupItem = Assembly-CSharp.csproj
	EndGlobalSection
EndGlobal
